
Microsoft Visual Studio Solution File, Format Version 12.00
# Visual Studio 15
VisualStudioVersion = 15.0.27703.2047
MinimumVisualStudioVersion = 10.0.40219.1
Project("{F184B08F-C81C-45F6-A57F-5ABD9991F28F}") = "SECUENCIA", "SECUENCIA\SECUENCIA.vbproj", "{0B86D208-08DC-4EAE-83DE-8B5A43F639EF}"
EndProject
Global
	GlobalSection(SolutionConfigurationPlatforms) = preSolution
		Debug|Any CPU = Debug|Any CPU
		Release|Any CPU = Release|Any CPU
	EndGlobalSection
	GlobalSection(ProjectConfigurationPlatforms) = postSolution
		{0B86D208-08DC-4EAE-83DE-8B5A43F639EF}.Debug|Any CPU.ActiveCfg = Debug|Any CPU
		{0B86D208-08DC-4EAE-83DE-8B5A43F639EF}.Debug|Any CPU.Build.0 = Debug|Any CPU
		{0B86D208-08DC-4EAE-83DE-8B5A43F639EF}.Release|Any CPU.ActiveCfg = Release|Any CPU
		{0B86D208-08DC-4EAE-83DE-8B5A43F639EF}.Release|Any CPU.Build.0 = Release|Any CPU
	EndGlobalSection
	GlobalSection(SolutionProperties) = preSolution
		HideSolutionNode = FALSE
	EndGlobalSection
	GlobalSection(ExtensibilityGlobals) = postSolution
		SolutionGuid = {D3FAC28E-F584-4A45-AC19-0A9CE7E69B1C}
	EndGlobalSection
EndGlobal
